
Microsoft Visual Studio Solution File, Format Version 12.00
# Visual Studio 15
VisualStudioVersion = 15.0.27130.2024
MinimumVisualStudioVersion = 10.0.40219.1
Project("{FAE04EC0-301F-11D3-BF4B-00C04F79EFBC}") = "DynaLib", "DynaLib\DynaLib.csproj", "{F5DAEBB8-0920-43A2-A201-F011B0094DFB}"
EndProject
Project("{FAE04EC0-301F-11D3-BF4B-00C04F79EFBC}") = "QueryApp", "QueryApp\QueryApp.csproj", "{BCDFC30A-5214-4BF0-8DF0-953464F603F2}"
EndProject
Global
	GlobalSection(SolutionConfigurationPlatforms) = preSolution
		Debug|Any CPU = Debug|Any CPU
		Release|Any CPU = Release|Any CPU
	EndGlobalSection
	GlobalSection(ProjectConfigurationPlatforms) = postSolution
		{F5DAEBB8-0920-43A2-A201-F011B0094DFB}.Debug|Any CPU.ActiveCfg = Debug|Any CPU
		{F5DAEBB8-0920-43A2-A201-F011B0094DFB}.Debug|Any CPU.Build.0 = Debug|Any CPU
		{F5DAEBB8-0920-43A2-A201-F011B0094DFB}.Release|Any CPU.ActiveCfg = Release|Any CPU
		{F5DAEBB8-0920-43A2-A201-F011B0094DFB}.Release|Any CPU.Build.0 = Release|Any CPU
		{BCDFC30A-5214-4BF0-8DF0-953464F603F2}.Debug|Any CPU.ActiveCfg = Debug|Any CPU
		{BCDFC30A-5214-4BF0-8DF0-953464F603F2}.Debug|Any CPU.Build.0 = Debug|Any CPU
		{BCDFC30A-5214-4BF0-8DF0-953464F603F2}.Release|Any CPU.ActiveCfg = Release|Any CPU
		{BCDFC30A-5214-4BF0-8DF0-953464F603F2}.Release|Any CPU.Build.0 = Release|Any CPU
	EndGlobalSection
	GlobalSection(SolutionProperties) = preSolution
		HideSolutionNode = FALSE
	EndGlobalSection
	GlobalSection(ExtensibilityGlobals) = postSolution
		SolutionGuid = {4F9BACAF-9A48-4C66-9D5D-B3E50F902ED3}
	EndGlobalSection
EndGlobal
